
Microsoft Visual Studio Solution File, Format Version 12.00
# Visual Studio Version 16
VisualStudioVersion = 16.0.30320.27
MinimumVisualStudioVersion = 10.0.40219.1
Project("{9A19103F-16F7-4668-BE54-9A1E7A4F7556}") = "test1", "test1\test1.csproj", "{95AA027A-DA87-4E12-AF5F-F2D1F65B754A}"
EndProject
Project("{FAE04EC0-301F-11D3-BF4B-00C04F79EFBC}") = "ClientWPF", "ClientWPF\ClientWPF.csproj", "{A3419EA5-6E76-4653-A471-A6C1D90B3FCD}"
EndProject
Global
	GlobalSection(SolutionConfigurationPlatforms) = preSolution
		Debug|Any CPU = Debug|Any CPU
		Release|Any CPU = Release|Any CPU
	EndGlobalSection
	GlobalSection(ProjectConfigurationPlatforms) = postSolution
		{95AA027A-DA87-4E12-AF5F-F2D1F65B754A}.Debug|Any CPU.ActiveCfg = Debug|Any CPU
		{95AA027A-DA87-4E12-AF5F-F2D1F65B754A}.Debug|Any CPU.Build.0 = Debug|Any CPU
		{95AA027A-DA87-4E12-AF5F-F2D1F65B754A}.Release|Any CPU.ActiveCfg = Release|Any CPU
		{95AA027A-DA87-4E12-AF5F-F2D1F65B754A}.Release|Any CPU.Build.0 = Release|Any CPU
		{A3419EA5-6E76-4653-A471-A6C1D90B3FCD}.Debug|Any CPU.ActiveCfg = Debug|Any CPU
		{A3419EA5-6E76-4653-A471-A6C1D90B3FCD}.Debug|Any CPU.Build.0 = Debug|Any CPU
		{A3419EA5-6E76-4653-A471-A6C1D90B3FCD}.Release|Any CPU.ActiveCfg = Release|Any CPU
		{A3419EA5-6E76-4653-A471-A6C1D90B3FCD}.Release|Any CPU.Build.0 = Release|Any CPU
	EndGlobalSection
	GlobalSection(SolutionProperties) = preSolution
		HideSolutionNode = FALSE
	EndGlobalSection
	GlobalSection(ExtensibilityGlobals) = postSolution
		SolutionGuid = {0B95FFEA-FF2A-459F-A2A1-C5BFE005E476}
	EndGlobalSection
EndGlobal
